{
  "name": "server",
  "lockfileVersion": 3,
  "requires": true,
  "packages": {
    "": {
      "dependencies": {
        "inventory-project": "file:../.."
      }
    },
    "../..": {
      "name": "inventory-project",
      "version": "1.0.0",
      "license": "ISC",
      "devDependencies": {
        "concurrently": "^8.2.0"
      }
    },
    "node_modules/inventory-project": {
      "resolved": "../..",
      "link": true
    }
  }
}
